
Microsoft Visual Studio Solution File, Format Version 12.00
# Visual Studio Version 17
VisualStudioVersion = 17.10.35013.160
MinimumVisualStudioVersion = 10.0.40219.1
Project("{FAE04EC0-301F-11D3-BF4B-00C04F79EFBC}") = "PhamHoDangHuy_2001215828_Buoi2", "PhamHoDangHuy_2001215828_Buoi2\PhamHoDangHuy_2001215828_Buoi2.csproj", "{6DA5DD19-3282-4EA4-BB62-3441CCC26DE5}"
EndProject
Project("{FAE04EC0-301F-11D3-BF4B-00C04F79EFBC}") = "NumericTextBox", "NumericTextBox\NumericTextBox.csproj", "{66330471-77F4-410A-BBB4-D1AE9349CAE4}"
EndProject
Project("{FAE04EC0-301F-11D3-BF4B-00C04F79EFBC}") = "Card_Validator", "Card_Validator\Card_Validator.csproj", "{32641A9E-4D1C-4B69-AA6D-521880D3D8EB}"
EndProject
Project("{FAE04EC0-301F-11D3-BF4B-00C04F79EFBC}") = "CardValidatorApp", "CardValidatorApp\CardValidatorApp.csproj", "{6DAA6B28-216B-4446-AB59-15A9C50348A5}"
EndProject
Project("{FAE04EC0-301F-11D3-BF4B-00C04F79EFBC}") = "UpperTextBox", "UpperTextBox\UpperTextBox.csproj", "{2E1AC934-9ACF-4320-A6F7-E5F0D3C01127}"
EndProject
Project("{FAE04EC0-301F-11D3-BF4B-00C04F79EFBC}") = "MailTextBox", "MailTextBox\MailTextBox.csproj", "{7AAEEA08-058E-403B-957C-281326AE953A}"
EndProject
Project("{FAE04EC0-301F-11D3-BF4B-00C04F79EFBC}") = "UserTextBox", "UserTextBox\UserTextBox.csproj", "{BB516CF2-96C9-4585-8C7A-55D2B22B30C0}"
EndProject
Project("{FAE04EC0-301F-11D3-BF4B-00C04F79EFBC}") = "PassTextBox", "PassTextBox\PassTextBox.csproj", "{B6374BA1-EDD8-4AF0-A66C-09A5BD676ADE}"
EndProject
Project("{FAE04EC0-301F-11D3-BF4B-00C04F79EFBC}") = "CustomDataGridView", "CustomDataGridView\CustomDataGridView.csproj", "{A62E8FFB-9485-42BF-962A-D9B58EF531E9}"
EndProject
Project("{FAE04EC0-301F-11D3-BF4B-00C04F79EFBC}") = "HoverButton", "HoverButton\HoverButton.csproj", "{CE751952-3DC9-4D28-91E6-8CC7B02C309C}"
EndProject
Project("{FAE04EC0-301F-11D3-BF4B-00C04F79EFBC}") = "SQLClass", "SQLClass\SQLClass.csproj", "{40AE1F61-83E9-4855-859D-7FCC0C435C3D}"
EndProject
Project("{9A19103F-16F7-4668-BE54-9A1E7A4F7556}") = "LoginControl", "LoginControl\LoginControl.csproj", "{D00BDE4F-664B-4171-B0A8-70E19A07DFD6}"
EndProject
Project("{FAE04EC0-301F-11D3-BF4B-00C04F79EFBC}") = "MainForm", "MainForm\MainForm.csproj", "{318BADA4-0364-4862-A1A0-155397EE9E0A}"
EndProject
Project("{FAE04EC0-301F-11D3-BF4B-00C04F79EFBC}") = "StudentInfoControl", "StudentInfoControl\StudentInfoControl.csproj", "{697DA880-9045-4D6D-B6B2-B5B1ABB14899}"
EndProject
Global
	GlobalSection(SolutionConfigurationPlatforms) = preSolution
		Debug|Any CPU = Debug|Any CPU
		Release|Any CPU = Release|Any CPU
	EndGlobalSection
	GlobalSection(ProjectConfigurationPlatforms) = postSolution
		{6DA5DD19-3282-4EA4-BB62-3441CCC26DE5}.Debug|Any CPU.ActiveCfg = Debug|Any CPU
		{6DA5DD19-3282-4EA4-BB62-3441CCC26DE5}.Debug|Any CPU.Build.0 = Debug|Any CPU
		{6DA5DD19-3282-4EA4-BB62-3441CCC26DE5}.Release|Any CPU.ActiveCfg = Release|Any CPU
		{6DA5DD19-3282-4EA4-BB62-3441CCC26DE5}.Release|Any CPU.Build.0 = Release|Any CPU
		{66330471-77F4-410A-BBB4-D1AE9349CAE4}.Debug|Any CPU.ActiveCfg = Debug|Any CPU
		{66330471-77F4-410A-BBB4-D1AE9349CAE4}.Debug|Any CPU.Build.0 = Debug|Any CPU
		{66330471-77F4-410A-BBB4-D1AE9349CAE4}.Release|Any CPU.ActiveCfg = Release|Any CPU
		{66330471-77F4-410A-BBB4-D1AE9349CAE4}.Release|Any CPU.Build.0 = Release|Any CPU
		{32641A9E-4D1C-4B69-AA6D-521880D3D8EB}.Debug|Any CPU.ActiveCfg = Debug|Any CPU
		{32641A9E-4D1C-4B69-AA6D-521880D3D8EB}.Debug|Any CPU.Build.0 = Debug|Any CPU
		{32641A9E-4D1C-4B69-AA6D-521880D3D8EB}.Release|Any CPU.ActiveCfg = Release|Any CPU
		{32641A9E-4D1C-4B69-AA6D-521880D3D8EB}.Release|Any CPU.Build.0 = Release|Any CPU
		{6DAA6B28-216B-4446-AB59-15A9C50348A5}.Debug|Any CPU.ActiveCfg = Debug|Any CPU
		{6DAA6B28-216B-4446-AB59-15A9C50348A5}.Debug|Any CPU.Build.0 = Debug|Any CPU
		{6DAA6B28-216B-4446-AB59-15A9C50348A5}.Release|Any CPU.ActiveCfg = Release|Any CPU
		{6DAA6B28-216B-4446-AB59-15A9C50348A5}.Release|Any CPU.Build.0 = Release|Any CPU
		{2E1AC934-9ACF-4320-A6F7-E5F0D3C01127}.Debug|Any CPU.ActiveCfg = Debug|Any CPU
		{2E1AC934-9ACF-4320-A6F7-E5F0D3C01127}.Debug|Any CPU.Build.0 = Debug|Any CPU
		{2E1AC934-9ACF-4320-A6F7-E5F0D3C01127}.Release|Any CPU.ActiveCfg = Release|Any CPU
		{2E1AC934-9ACF-4320-A6F7-E5F0D3C01127}.Release|Any CPU.Build.0 = Release|Any CPU
		{7AAEEA08-058E-403B-957C-281326AE953A}.Debug|Any CPU.ActiveCfg = Debug|Any CPU
		{7AAEEA08-058E-403B-957C-281326AE953A}.Debug|Any CPU.Build.0 = Debug|Any CPU
		{7AAEEA08-058E-403B-957C-281326AE953A}.Release|Any CPU.ActiveCfg = Release|Any CPU
		{7AAEEA08-058E-403B-957C-281326AE953A}.Release|Any CPU.Build.0 = Release|Any CPU
		{BB516CF2-96C9-4585-8C7A-55D2B22B30C0}.Debug|Any CPU.ActiveCfg = Debug|Any CPU
		{BB516CF2-96C9-4585-8C7A-55D2B22B30C0}.Debug|Any CPU.Build.0 = Debug|Any CPU
		{BB516CF2-96C9-4585-8C7A-55D2B22B30C0}.Release|Any CPU.ActiveCfg = Release|Any CPU
		{BB516CF2-96C9-4585-8C7A-55D2B22B30C0}.Release|Any CPU.Build.0 = Release|Any CPU
		{B6374BA1-EDD8-4AF0-A66C-09A5BD676ADE}.Debug|Any CPU.ActiveCfg = Debug|Any CPU
		{B6374BA1-EDD8-4AF0-A66C-09A5BD676ADE}.Debug|Any CPU.Build.0 = Debug|Any CPU
		{B6374BA1-EDD8-4AF0-A66C-09A5BD676ADE}.Release|Any CPU.ActiveCfg = Release|Any CPU
		{B6374BA1-EDD8-4AF0-A66C-09A5BD676ADE}.Release|Any CPU.Build.0 = Release|Any CPU
		{A62E8FFB-9485-42BF-962A-D9B58EF531E9}.Debug|Any CPU.ActiveCfg = Debug|Any CPU
		{A62E8FFB-9485-42BF-962A-D9B58EF531E9}.Debug|Any CPU.Build.0 = Debug|Any CPU
		{A62E8FFB-9485-42BF-962A-D9B58EF531E9}.Release|Any CPU.ActiveCfg = Release|Any CPU
		{A62E8FFB-9485-42BF-962A-D9B58EF531E9}.Release|Any CPU.Build.0 = Release|Any CPU
		{CE751952-3DC9-4D28-91E6-8CC7B02C309C}.Debug|Any CPU.ActiveCfg = Debug|Any CPU
		{CE751952-3DC9-4D28-91E6-8CC7B02C309C}.Debug|Any CPU.Build.0 = Debug|Any CPU
		{CE751952-3DC9-4D28-91E6-8CC7B02C309C}.Release|Any CPU.ActiveCfg = Release|Any CPU
		{CE751952-3DC9-4D28-91E6-8CC7B02C309C}.Release|Any CPU.Build.0 = Release|Any CPU
		{40AE1F61-83E9-4855-859D-7FCC0C435C3D}.Debug|Any CPU.ActiveCfg = Debug|Any CPU
		{40AE1F61-83E9-4855-859D-7FCC0C435C3D}.Debug|Any CPU.Build.0 = Debug|Any CPU
		{40AE1F61-83E9-4855-859D-7FCC0C435C3D}.Release|Any CPU.ActiveCfg = Release|Any CPU
		{40AE1F61-83E9-4855-859D-7FCC0C435C3D}.Release|Any CPU.Build.0 = Release|Any CPU
		{D00BDE4F-664B-4171-B0A8-70E19A07DFD6}.Debug|Any CPU.ActiveCfg = Debug|Any CPU
		{D00BDE4F-664B-4171-B0A8-70E19A07DFD6}.Debug|Any CPU.Build.0 = Debug|Any CPU
		{D00BDE4F-664B-4171-B0A8-70E19A07DFD6}.Release|Any CPU.ActiveCfg = Release|Any CPU
		{D00BDE4F-664B-4171-B0A8-70E19A07DFD6}.Release|Any CPU.Build.0 = Release|Any CPU
		{318BADA4-0364-4862-A1A0-155397EE9E0A}.Debug|Any CPU.ActiveCfg = Debug|Any CPU
		{318BADA4-0364-4862-A1A0-155397EE9E0A}.Debug|Any CPU.Build.0 = Debug|Any CPU
		{318BADA4-0364-4862-A1A0-155397EE9E0A}.Release|Any CPU.ActiveCfg = Release|Any CPU
		{318BADA4-0364-4862-A1A0-155397EE9E0A}.Release|Any CPU.Build.0 = Release|Any CPU
		{697DA880-9045-4D6D-B6B2-B5B1ABB14899}.Debug|Any CPU.ActiveCfg = Debug|Any CPU
		{697DA880-9045-4D6D-B6B2-B5B1ABB14899}.Debug|Any CPU.Build.0 = Debug|Any CPU
		{697DA880-9045-4D6D-B6B2-B5B1ABB14899}.Release|Any CPU.ActiveCfg = Release|Any CPU
		{697DA880-9045-4D6D-B6B2-B5B1ABB14899}.Release|Any CPU.Build.0 = Release|Any CPU
	EndGlobalSection
	GlobalSection(SolutionProperties) = preSolution
		HideSolutionNode = FALSE
	EndGlobalSection
	GlobalSection(ExtensibilityGlobals) = postSolution
		SolutionGuid = {BACBD171-7135-448B-BD01-AE5A3A634AC3}
	EndGlobalSection
EndGlobal
