
Microsoft Visual Studio Solution File, Format Version 12.00
# Visual Studio Version 17
VisualStudioVersion = 17.10.35013.160
MinimumVisualStudioVersion = 10.0.40219.1
Project("{FAE04EC0-301F-11D3-BF4B-00C04F79EFBC}") = "Buoi2_ConnectionControls", "Buoi2_ConnectionControls\Buoi2_ConnectionControls.csproj", "{7DC6EB56-CECD-4DBD-BAAD-FDF75B816012}"
EndProject
Project("{FAE04EC0-301F-11D3-BF4B-00C04F79EFBC}") = "SqlClassLibrary", "SqlClassLibrary\SqlClassLibrary.csproj", "{8F7D4285-4FE4-4BA6-845C-F85EA3F2D2BE}"
EndProject
Project("{FAE04EC0-301F-11D3-BF4B-00C04F79EFBC}") = "UserControlSV", "UserControlSinhVien\UserControlSV.csproj", "{23FCCD2B-C159-4ACF-8558-42D8757AA150}"
EndProject
Global
	GlobalSection(SolutionConfigurationPlatforms) = preSolution
		Debug|Any CPU = Debug|Any CPU
		Release|Any CPU = Release|Any CPU
	EndGlobalSection
	GlobalSection(ProjectConfigurationPlatforms) = postSolution
		{7DC6EB56-CECD-4DBD-BAAD-FDF75B816012}.Debug|Any CPU.ActiveCfg = Debug|Any CPU
		{7DC6EB56-CECD-4DBD-BAAD-FDF75B816012}.Debug|Any CPU.Build.0 = Debug|Any CPU
		{7DC6EB56-CECD-4DBD-BAAD-FDF75B816012}.Release|Any CPU.ActiveCfg = Release|Any CPU
		{7DC6EB56-CECD-4DBD-BAAD-FDF75B816012}.Release|Any CPU.Build.0 = Release|Any CPU
		{8F7D4285-4FE4-4BA6-845C-F85EA3F2D2BE}.Debug|Any CPU.ActiveCfg = Debug|Any CPU
		{8F7D4285-4FE4-4BA6-845C-F85EA3F2D2BE}.Debug|Any CPU.Build.0 = Debug|Any CPU
		{8F7D4285-4FE4-4BA6-845C-F85EA3F2D2BE}.Release|Any CPU.ActiveCfg = Release|Any CPU
		{8F7D4285-4FE4-4BA6-845C-F85EA3F2D2BE}.Release|Any CPU.Build.0 = Release|Any CPU
		{23FCCD2B-C159-4ACF-8558-42D8757AA150}.Debug|Any CPU.ActiveCfg = Debug|Any CPU
		{23FCCD2B-C159-4ACF-8558-42D8757AA150}.Debug|Any CPU.Build.0 = Debug|Any CPU
		{23FCCD2B-C159-4ACF-8558-42D8757AA150}.Release|Any CPU.ActiveCfg = Release|Any CPU
		{23FCCD2B-C159-4ACF-8558-42D8757AA150}.Release|Any CPU.Build.0 = Release|Any CPU
	EndGlobalSection
	GlobalSection(SolutionProperties) = preSolution
		HideSolutionNode = FALSE
	EndGlobalSection
	GlobalSection(ExtensibilityGlobals) = postSolution
		SolutionGuid = {A5D51E91-C744-418D-B6B0-3C8841ED9270}
	EndGlobalSection
EndGlobal
