
Microsoft Visual Studio Solution File, Format Version 12.00
# Visual Studio Version 17
VisualStudioVersion = 17.11.35327.3
MinimumVisualStudioVersion = 10.0.40219.1
Project("{FAE04EC0-301F-11D3-BF4B-00C04F79EFBC}") = "DTO", "DTO\DTO.csproj", "{D5C3886D-7F94-468A-ABEA-8749DD236337}"
EndProject
Project("{FAE04EC0-301F-11D3-BF4B-00C04F79EFBC}") = "BLL", "BLL\BLL.csproj", "{65FDB735-A50E-4C0B-B512-10E90C8052C1}"
EndProject
Project("{FAE04EC0-301F-11D3-BF4B-00C04F79EFBC}") = "DAL", "DAL\DAL.csproj", "{B561A856-4DEA-4CA1-9D14-F8888AB1A73E}"
EndProject
Project("{FAE04EC0-301F-11D3-BF4B-00C04F79EFBC}") = "GUI", "GUI\GUI.csproj", "{1E18F296-505E-4EA6-BAD8-E830BEBCBE81}"
EndProject
Project("{FAE04EC0-301F-11D3-BF4B-00C04F79EFBC}") = "MLAI", "MLAI\MLAI.csproj", "{52BCE119-C70F-4BBE-B04A-7FA9E5F132AA}"
EndProject
Global
	GlobalSection(SolutionConfigurationPlatforms) = preSolution
		Debug|Any CPU = Debug|Any CPU
		Release|Any CPU = Release|Any CPU
	EndGlobalSection
	GlobalSection(ProjectConfigurationPlatforms) = postSolution
		{D5C3886D-7F94-468A-ABEA-8749DD236337}.Debug|Any CPU.ActiveCfg = Debug|Any CPU
		{D5C3886D-7F94-468A-ABEA-8749DD236337}.Debug|Any CPU.Build.0 = Debug|Any CPU
		{D5C3886D-7F94-468A-ABEA-8749DD236337}.Release|Any CPU.ActiveCfg = Release|Any CPU
		{D5C3886D-7F94-468A-ABEA-8749DD236337}.Release|Any CPU.Build.0 = Release|Any CPU
		{65FDB735-A50E-4C0B-B512-10E90C8052C1}.Debug|Any CPU.ActiveCfg = Debug|Any CPU
		{65FDB735-A50E-4C0B-B512-10E90C8052C1}.Debug|Any CPU.Build.0 = Debug|Any CPU
		{65FDB735-A50E-4C0B-B512-10E90C8052C1}.Release|Any CPU.ActiveCfg = Release|Any CPU
		{65FDB735-A50E-4C0B-B512-10E90C8052C1}.Release|Any CPU.Build.0 = Release|Any CPU
		{B561A856-4DEA-4CA1-9D14-F8888AB1A73E}.Debug|Any CPU.ActiveCfg = Debug|Any CPU
		{B561A856-4DEA-4CA1-9D14-F8888AB1A73E}.Debug|Any CPU.Build.0 = Debug|Any CPU
		{B561A856-4DEA-4CA1-9D14-F8888AB1A73E}.Release|Any CPU.ActiveCfg = Release|Any CPU
		{B561A856-4DEA-4CA1-9D14-F8888AB1A73E}.Release|Any CPU.Build.0 = Release|Any CPU
		{1E18F296-505E-4EA6-BAD8-E830BEBCBE81}.Debug|Any CPU.ActiveCfg = Debug|Any CPU
		{1E18F296-505E-4EA6-BAD8-E830BEBCBE81}.Debug|Any CPU.Build.0 = Debug|Any CPU
		{1E18F296-505E-4EA6-BAD8-E830BEBCBE81}.Release|Any CPU.ActiveCfg = Release|Any CPU
		{1E18F296-505E-4EA6-BAD8-E830BEBCBE81}.Release|Any CPU.Build.0 = Release|Any CPU
		{52BCE119-C70F-4BBE-B04A-7FA9E5F132AA}.Debug|Any CPU.ActiveCfg = Debug|Any CPU
		{52BCE119-C70F-4BBE-B04A-7FA9E5F132AA}.Debug|Any CPU.Build.0 = Debug|Any CPU
		{52BCE119-C70F-4BBE-B04A-7FA9E5F132AA}.Release|Any CPU.ActiveCfg = Release|Any CPU
		{52BCE119-C70F-4BBE-B04A-7FA9E5F132AA}.Release|Any CPU.Build.0 = Release|Any CPU
	EndGlobalSection
	GlobalSection(SolutionProperties) = preSolution
		HideSolutionNode = FALSE
	EndGlobalSection
	GlobalSection(ExtensibilityGlobals) = postSolution
		SolutionGuid = {C8B72E7A-1DD1-4564-820B-D0E43D61F741}
	EndGlobalSection
EndGlobal
