
Microsoft Visual Studio Solution File, Format Version 12.00
# Visual Studio Version 17
VisualStudioVersion = 17.11.35327.3
MinimumVisualStudioVersion = 10.0.40219.1
Project("{FAE04EC0-301F-11D3-BF4B-00C04F79EFBC}") = "DTO", "DTO\DTO.csproj", "{579ED88B-27BB-42BA-8065-C19B0B7EEAD6}"
EndProject
Project("{FAE04EC0-301F-11D3-BF4B-00C04F79EFBC}") = "DAL", "DAL\DAL.csproj", "{BA5076D5-B1E8-488E-8BD3-E338315F2283}"
EndProject
Project("{FAE04EC0-301F-11D3-BF4B-00C04F79EFBC}") = "BLL", "BLL\BLL.csproj", "{6F9C1D4B-CE24-473A-93D7-C832B0722CA2}"
EndProject
Project("{FAE04EC0-301F-11D3-BF4B-00C04F79EFBC}") = "GUI", "GUI\GUI.csproj", "{80BAEF8A-DBA1-4432-AA0E-FA2F60AFADE7}"
EndProject
Project("{FAE04EC0-301F-11D3-BF4B-00C04F79EFBC}") = "MLLibrary", "MLLibrary\MLLibrary.csproj", "{DCA2F3D8-74BD-4E14-AEAD-B6A1C32147D7}"
EndProject
Global
	GlobalSection(SolutionConfigurationPlatforms) = preSolution
		Debug|Any CPU = Debug|Any CPU
		Release|Any CPU = Release|Any CPU
	EndGlobalSection
	GlobalSection(ProjectConfigurationPlatforms) = postSolution
		{579ED88B-27BB-42BA-8065-C19B0B7EEAD6}.Debug|Any CPU.ActiveCfg = Debug|Any CPU
		{579ED88B-27BB-42BA-8065-C19B0B7EEAD6}.Debug|Any CPU.Build.0 = Debug|Any CPU
		{579ED88B-27BB-42BA-8065-C19B0B7EEAD6}.Release|Any CPU.ActiveCfg = Release|Any CPU
		{579ED88B-27BB-42BA-8065-C19B0B7EEAD6}.Release|Any CPU.Build.0 = Release|Any CPU
		{BA5076D5-B1E8-488E-8BD3-E338315F2283}.Debug|Any CPU.ActiveCfg = Debug|Any CPU
		{BA5076D5-B1E8-488E-8BD3-E338315F2283}.Debug|Any CPU.Build.0 = Debug|Any CPU
		{BA5076D5-B1E8-488E-8BD3-E338315F2283}.Release|Any CPU.ActiveCfg = Release|Any CPU
		{BA5076D5-B1E8-488E-8BD3-E338315F2283}.Release|Any CPU.Build.0 = Release|Any CPU
		{6F9C1D4B-CE24-473A-93D7-C832B0722CA2}.Debug|Any CPU.ActiveCfg = Debug|Any CPU
		{6F9C1D4B-CE24-473A-93D7-C832B0722CA2}.Debug|Any CPU.Build.0 = Debug|Any CPU
		{6F9C1D4B-CE24-473A-93D7-C832B0722CA2}.Release|Any CPU.ActiveCfg = Release|Any CPU
		{6F9C1D4B-CE24-473A-93D7-C832B0722CA2}.Release|Any CPU.Build.0 = Release|Any CPU
		{80BAEF8A-DBA1-4432-AA0E-FA2F60AFADE7}.Debug|Any CPU.ActiveCfg = Debug|Any CPU
		{80BAEF8A-DBA1-4432-AA0E-FA2F60AFADE7}.Debug|Any CPU.Build.0 = Debug|Any CPU
		{80BAEF8A-DBA1-4432-AA0E-FA2F60AFADE7}.Release|Any CPU.ActiveCfg = Release|Any CPU
		{80BAEF8A-DBA1-4432-AA0E-FA2F60AFADE7}.Release|Any CPU.Build.0 = Release|Any CPU
		{DCA2F3D8-74BD-4E14-AEAD-B6A1C32147D7}.Debug|Any CPU.ActiveCfg = Debug|Any CPU
		{DCA2F3D8-74BD-4E14-AEAD-B6A1C32147D7}.Debug|Any CPU.Build.0 = Debug|Any CPU
		{DCA2F3D8-74BD-4E14-AEAD-B6A1C32147D7}.Release|Any CPU.ActiveCfg = Release|Any CPU
		{DCA2F3D8-74BD-4E14-AEAD-B6A1C32147D7}.Release|Any CPU.Build.0 = Release|Any CPU
	EndGlobalSection
	GlobalSection(SolutionProperties) = preSolution
		HideSolutionNode = FALSE
	EndGlobalSection
	GlobalSection(ExtensibilityGlobals) = postSolution
		SolutionGuid = {B07ABDD4-585F-4033-8C2D-620D31B2FA2F}
	EndGlobalSection
EndGlobal
